{
    "_meta": {
        "hash": {
            "sha256": "71d4b25bb0ae135b0aea18b335ad2bce1e44347d9b33cabf92c602c4b704e91d"
        },
        "pipfile-spec": 6,
        "requires": {
            "python_version": "3.11"
        },
        "sources": [
            {
                "name": "pypi",
                "url": "https://pypi.org/simple",
                "verify_ssl": true
            }
        ]
    },
    "default": {
        "phonenumbers": {
            "hashes": [
                "sha256:5fa952b4abf9fccdaf1f130d96114a520c48890d4091b50a064e22c0fdc12dec",
                "sha256:a4b20b6ba7dd402728f5cc8e86e1f29b1a873af45f5381dbee7e3083af497ff6"
            ],
            "index": "pypi",
            "version": "==8.13.14"
        }
    },
    "develop": {}
}
